{
  "warning": "THIS IS AN AUTOGENERATED FILE. DO NOT EDIT THIS FILE DIRECTLY.",
  "format": "sphinx-lock-1.0.0",
  "orgId": "cluanacaw000111jik4xs4wkl",
  "projects": {
    "Msgport": {
      "projectId": "cluaylqlf0002k5kx6pmfhahk",
      "projectName": "Msgport",
      "defaultSafe": {
        "safeName": "Msgport",
        "owners": [
          "0xD70A2e6eACbdeDA77a5d4bBAE3bC70239A0e088f"
        ],
        "threshold": "1",
        "saltNonce": "0"
      }
    },
    "Msgport0": {
      "projectId": "clujilj0600024qgyxlo4azcz",
      "projectName": "Msgport0",
      "defaultSafe": {
        "safeName": "Msgport0",
        "owners": [
          "0xD70A2e6eACbdeDA77a5d4bBAE3bC70239A0e088f",
          "0x53405FB4d71591E33fe07bFbC90bD82E65720ad0",
          "0x9F33a4809aA708d7a399fedBa514e0A0d15EfA85"
        ],
        "threshold": "2",
        "saltNonce": "0"
      }
    },
    "Helix-DAO": {
      "projectId": "cluuq5qnk00aq11u0jtehn9h2",
      "projectName": "Helix-DAO",
      "defaultSafe": {
        "safeName": "Helix-DAO",
        "owners": [
          "0x0f14341A7f464320319025540E8Fe48Ad0fe5aec",
          "0x00E3993566b34e5367d1C602439997BD08c11FF7",
          "0x52386BE2397e8EAc26298F733b390684203fB580",
          "0xe59261f6D4088BcD69985A3D369Ff14cC54EF1E5",
          "0x88a39B052d477CfdE47600a7C9950a441Ce61cb4"
        ],
        "threshold": "3",
        "saltNonce": "0"
      }
    },
    "RING-DAO": {
      "projectId": "clvxejg2i00000dlc6ozpfo9b",
      "projectName": "RING-DAO",
      "defaultSafe": {
        "safeName": "RING-DAO",
        "owners": [
          "0x0f14341A7f464320319025540E8Fe48Ad0fe5aec",
          "0x53405FB4d71591E33fe07bFbC90bD82E65720ad0",
          "0x00E3993566b34e5367d1C602439997BD08c11FF7",
          "0x52386BE2397e8EAc26298F733b390684203fB580",
          "0x9F33a4809aA708d7a399fedBa514e0A0d15EfA85"
        ],
        "threshold": "3",
        "saltNonce": "0"
      }
    }
  }
}